
Microsoft Visual Studio Solution File, Format Version 12.00
# Visual Studio Version 17
VisualStudioVersion = 17.4.33213.308
MinimumVisualStudioVersion = 10.0.40219.1
Project("{FAE04EC0-301F-11D3-BF4B-00C04F79EFBC}") = "Agenda", "Agenda\Agenda.csproj", "{377F1289-A117-494A-A44F-70CE1DE2CEBE}"
EndProject
Global
	GlobalSection(SolutionConfigurationPlatforms) = preSolution
		Debug|Any CPU = Debug|Any CPU
		Release|Any CPU = Release|Any CPU
	EndGlobalSection
	GlobalSection(ProjectConfigurationPlatforms) = postSolution
		{377F1289-A117-494A-A44F-70CE1DE2CEBE}.Debug|Any CPU.ActiveCfg = Debug|Any CPU
		{377F1289-A117-494A-A44F-70CE1DE2CEBE}.Debug|Any CPU.Build.0 = Debug|Any CPU
		{377F1289-A117-494A-A44F-70CE1DE2CEBE}.Release|Any CPU.ActiveCfg = Release|Any CPU
		{377F1289-A117-494A-A44F-70CE1DE2CEBE}.Release|Any CPU.Build.0 = Release|Any CPU
	EndGlobalSection
	GlobalSection(SolutionProperties) = preSolution
		HideSolutionNode = FALSE
	EndGlobalSection
	GlobalSection(ExtensibilityGlobals) = postSolution
		SolutionGuid = {D13B51E4-F1F9-436D-A961-70A3CA3B79B4}
	EndGlobalSection
EndGlobal
